<<<<<<< c1ae1ef479640336614c08d52b4648bfe408913a
﻿
Microsoft Visual Studio Solution File, Format Version 12.00
# Visual Studio 2015
Project("{FAE04EC0-301F-11D3-BF4B-00C04F79EFBC}") = "CityDefender.CSharp.Editor", "CityDefender.CSharp.Editor.csproj", "{99CCFE6D-BA7E-43E5-FE56-575173EB3356}"
=======
Microsoft Visual Studio Solution File, Format Version 11.00
# Visual Studio 2008

Project("{D081707B-BD30-E657-10DC-7B0775158BB1}") = "CityDefender", "Assembly-CSharp.csproj", "{A675D656-290D-2911-199E-7A0A3F8FEDFC}"
EndProject
Project("{D081707B-BD30-E657-10DC-7B0775158BB1}") = "CityDefender", "Assembly-UnityScript.unityproj", "{32A65C4D-113C-B6E6-6EE6-8E1190FF285D}"
>>>>>>> Working game without 3D-Models
EndProject
Global
	GlobalSection(SolutionConfigurationPlatforms) = preSolution
		Debug|Any CPU = Debug|Any CPU
		Release|Any CPU = Release|Any CPU
	EndGlobalSection
	GlobalSection(ProjectConfigurationPlatforms) = postSolution
<<<<<<< c1ae1ef479640336614c08d52b4648bfe408913a
		{99CCFE6D-BA7E-43E5-FE56-575173EB3356}.Debug|Any CPU.ActiveCfg = Debug|Any CPU
		{99CCFE6D-BA7E-43E5-FE56-575173EB3356}.Debug|Any CPU.Build.0 = Debug|Any CPU
		{99CCFE6D-BA7E-43E5-FE56-575173EB3356}.Release|Any CPU.ActiveCfg = Release|Any CPU
		{99CCFE6D-BA7E-43E5-FE56-575173EB3356}.Release|Any CPU.Build.0 = Release|Any CPU
=======
		{A675D656-290D-2911-199E-7A0A3F8FEDFC}.Debug|Any CPU.ActiveCfg = Debug|Any CPU
		{A675D656-290D-2911-199E-7A0A3F8FEDFC}.Debug|Any CPU.Build.0 = Debug|Any CPU
		{A675D656-290D-2911-199E-7A0A3F8FEDFC}.Release|Any CPU.ActiveCfg = Release|Any CPU
		{A675D656-290D-2911-199E-7A0A3F8FEDFC}.Release|Any CPU.Build.0 = Release|Any CPU
		{32A65C4D-113C-B6E6-6EE6-8E1190FF285D}.Debug|Any CPU.ActiveCfg = Debug|Any CPU
		{32A65C4D-113C-B6E6-6EE6-8E1190FF285D}.Debug|Any CPU.Build.0 = Debug|Any CPU
		{32A65C4D-113C-B6E6-6EE6-8E1190FF285D}.Release|Any CPU.ActiveCfg = Release|Any CPU
		{32A65C4D-113C-B6E6-6EE6-8E1190FF285D}.Release|Any CPU.Build.0 = Release|Any CPU
>>>>>>> Working game without 3D-Models
	EndGlobalSection
	GlobalSection(SolutionProperties) = preSolution
		HideSolutionNode = FALSE
	EndGlobalSection
<<<<<<< c1ae1ef479640336614c08d52b4648bfe408913a
=======
																									GlobalSection(MonoDevelopProperties) = preSolution
		StartupItem = Assembly-CSharp.csproj
		Policies = $0
		$0.TextStylePolicy = $1
		$1.inheritsSet = null
		$1.scope = text/x-csharp
		$0.CSharpFormattingPolicy = $2
		$2.inheritsSet = Mono
		$2.inheritsScope = text/x-csharp
		$2.scope = text/x-csharp
		$0.TextStylePolicy = $3
		$3.FileWidth = 120
		$3.TabWidth = 4
		$3.EolMarker = Unix
		$3.inheritsSet = Mono
		$3.inheritsScope = text/plain
		$3.scope = text/plain
	EndGlobalSection

>>>>>>> Working game without 3D-Models
EndGlobal
