Microsoft Visual Studio Solution File, Format Version 11.00
# Visual Studio 2008

Project("{06E749CD-AB65-6DAD-8EE4-07E348D20CCB}") = "Missile Command", "Assembly-CSharp-firstpass.csproj", "{247DAE3B-F81B-AA47-FAB5-8AF9470AFA92}"
EndProject
Project("{06E749CD-AB65-6DAD-8EE4-07E348D20CCB}") = "Missile Command", "Assembly-CSharp.csproj", "{86A6C2EA-DC30-6791-ED87-738E4039FB0F}"
EndProject
Project("{06E749CD-AB65-6DAD-8EE4-07E348D20CCB}") = "Missile Command", "Assembly-CSharp-Editor.csproj", "{332AFAA9-6EDF-5E27-8719-C3720105A7AF}"
EndProject
Project("{06E749CD-AB65-6DAD-8EE4-07E348D20CCB}") = "Missile Command", "Assembly-UnityScript-firstpass.unityproj", "{03EA7012-32C1-402D-ABAF-5B01B3F3676F}"
EndProject
Project("{06E749CD-AB65-6DAD-8EE4-07E348D20CCB}") = "Missile Command", "Assembly-UnityScript.unityproj", "{405666D1-D4E3-9020-A0D7-91C5C7D65987}"
EndProject
Global
	GlobalSection(SolutionConfigurationPlatforms) = preSolution
		Debug|Any CPU = Debug|Any CPU
		Release|Any CPU = Release|Any CPU
	EndGlobalSection
	GlobalSection(ProjectConfigurationPlatforms) = postSolution
		{247DAE3B-F81B-AA47-FAB5-8AF9470AFA92}.Debug|Any CPU.ActiveCfg = Debug|Any CPU
		{247DAE3B-F81B-AA47-FAB5-8AF9470AFA92}.Debug|Any CPU.Build.0 = Debug|Any CPU
		{247DAE3B-F81B-AA47-FAB5-8AF9470AFA92}.Release|Any CPU.ActiveCfg = Release|Any CPU
		{247DAE3B-F81B-AA47-FAB5-8AF9470AFA92}.Release|Any CPU.Build.0 = Release|Any CPU
		{86A6C2EA-DC30-6791-ED87-738E4039FB0F}.Debug|Any CPU.ActiveCfg = Debug|Any CPU
		{86A6C2EA-DC30-6791-ED87-738E4039FB0F}.Debug|Any CPU.Build.0 = Debug|Any CPU
		{86A6C2EA-DC30-6791-ED87-738E4039FB0F}.Release|Any CPU.ActiveCfg = Release|Any CPU
		{86A6C2EA-DC30-6791-ED87-738E4039FB0F}.Release|Any CPU.Build.0 = Release|Any CPU
		{332AFAA9-6EDF-5E27-8719-C3720105A7AF}.Debug|Any CPU.ActiveCfg = Debug|Any CPU
		{332AFAA9-6EDF-5E27-8719-C3720105A7AF}.Debug|Any CPU.Build.0 = Debug|Any CPU
		{332AFAA9-6EDF-5E27-8719-C3720105A7AF}.Release|Any CPU.ActiveCfg = Release|Any CPU
		{332AFAA9-6EDF-5E27-8719-C3720105A7AF}.Release|Any CPU.Build.0 = Release|Any CPU
		{03EA7012-32C1-402D-ABAF-5B01B3F3676F}.Debug|Any CPU.ActiveCfg = Debug|Any CPU
		{03EA7012-32C1-402D-ABAF-5B01B3F3676F}.Debug|Any CPU.Build.0 = Debug|Any CPU
		{03EA7012-32C1-402D-ABAF-5B01B3F3676F}.Release|Any CPU.ActiveCfg = Release|Any CPU
		{03EA7012-32C1-402D-ABAF-5B01B3F3676F}.Release|Any CPU.Build.0 = Release|Any CPU
		{405666D1-D4E3-9020-A0D7-91C5C7D65987}.Debug|Any CPU.ActiveCfg = Debug|Any CPU
		{405666D1-D4E3-9020-A0D7-91C5C7D65987}.Debug|Any CPU.Build.0 = Debug|Any CPU
		{405666D1-D4E3-9020-A0D7-91C5C7D65987}.Release|Any CPU.ActiveCfg = Release|Any CPU
		{405666D1-D4E3-9020-A0D7-91C5C7D65987}.Release|Any CPU.Build.0 = Release|Any CPU
	EndGlobalSection
	GlobalSection(SolutionProperties) = preSolution
		HideSolutionNode = FALSE
	EndGlobalSection
																																																																																																																																																																																																																																					GlobalSection(MonoDevelopProperties) = preSolution
		StartupItem = Assembly-CSharp.csproj
		Policies = $0
		$0.TextStylePolicy = $1
		$1.inheritsSet = null
		$1.scope = text/x-csharp
		$0.CSharpFormattingPolicy = $2
		$2.inheritsSet = Mono
		$2.inheritsScope = text/x-csharp
		$2.scope = text/x-csharp
		$0.TextStylePolicy = $3
		$3.FileWidth = 120
		$3.TabWidth = 4
		$3.EolMarker = Unix
		$3.inheritsSet = Mono
		$3.inheritsScope = text/plain
		$3.scope = text/plain
	EndGlobalSection

EndGlobal
